github.com/notemptylist/gophersizes/linkparser v0.0.0-20230225014735-7de563ce7cfb h1:ojENghpyjG4+439Iz/pZuVcWpuDBdxMgz9u5e9p3jdY=
github.com/notemptylist/gophersizes/linkparser v0.0.0-20230225014735-7de563ce7cfb/go.mod h1:uA9kqb9M3SQcTiFKgzwG2XeB5tcFfn4Kbe6nyQVvJqI=
github.com/notemptylist/gophersizes/linkparser v0.0.0-20230225222842-0cc0734c1a04 h1:XWKYgxiPvhlvi3SFsfN7LJf3iCahi4HivippfZltfOM=
github.com/notemptylist/gophersizes/linkparser v0.0.0-20230225222842-0cc0734c1a04/go.mod h1:uA9kqb9M3SQcTiFKgzwG2XeB5tcFfn4Kbe6nyQVvJqI=
golang.org/x/net v0.7.0 h1:rJrUqqhjsgNp7KqAIc25s9pZnjU7TUcSY7HcVZjdn1g=
golang.org/x/net v0.7.0/go.mod h1:2Tu9+aMcznHK/AK1HMvgo6xiTLG5rD5rZLDS+rp2Bjs=
